
Microsoft Visual Studio Solution File, Format Version 12.00
# Visual Studio Version 17
VisualStudioVersion = 17.0.31903.59
MinimumVisualStudioVersion = 10.0.40219.1
Project("{9A19103F-16F7-4668-BE54-9A1E7A4F7556}") = "TeachingPlatform.Application", "TeachingPlatform.Application\TeachingPlatform.Application.csproj", "{CC22750F-C4DD-433B-A264-C14A4F7CE035}"
EndProject
Project("{9A19103F-16F7-4668-BE54-9A1E7A4F7556}") = "TeachingPlatform.Infra", "TeachingPlatform.Infra\TeachingPlatform.Infra.csproj", "{F728155E-DAC4-44C1-A05E-803C71C0E3E9}"
EndProject
Project("{9A19103F-16F7-4668-BE54-9A1E7A4F7556}") = "TeachingPlatform.UnitTests", "TeachingPlatform.Test\TeachingPlatform.UnitTests.csproj", "{7696E00C-B110-48D1-BDF1-BDE3D6DFE506}"
EndProject
Project("{9A19103F-16F7-4668-BE54-9A1E7A4F7556}") = "TeachingPlatform.Domain", "TeachingPlatform.Domain\TeachingPlatform.Domain.csproj", "{C119189F-98BB-461F-8154-7694998A0FF6}"
EndProject
Project("{2150E333-8FDC-42A3-9474-1A3956D46DE8}") = "Application", "Application", "{46069326-D8AD-4990-A828-CE0FE54C59EA}"
EndProject
Project("{2150E333-8FDC-42A3-9474-1A3956D46DE8}") = "Infra", "Infra", "{86A0A4F1-0580-4936-B61D-36A32829C462}"
EndProject
Project("{2150E333-8FDC-42A3-9474-1A3956D46DE8}") = "Domain", "Domain", "{49A459F7-BC04-4480-B31F-A21D5D5BD9A2}"
EndProject
Project("{2150E333-8FDC-42A3-9474-1A3956D46DE8}") = "src", "src", "{25DB1A02-9CF8-4FF5-85A6-9F51D2C1D2C9}"
	ProjectSection(SolutionItems) = preProject
		docker-compose.yml = docker-compose.yml
	EndProjectSection
EndProject
Project("{2150E333-8FDC-42A3-9474-1A3956D46DE8}") = "test", "test", "{C79AA7F9-434F-4A0A-B3AC-BC7ABC12B1A5}"
EndProject
Project("{2150E333-8FDC-42A3-9474-1A3956D46DE8}") = "Presentation", "Presentation", "{44F4756C-F576-4806-9DE9-1BA7F640F8A0}"
EndProject
Project("{FAE04EC0-301F-11D3-BF4B-00C04F79EFBC}") = "TeachingPlatform.Api", "TeachingPlatform.Api\TeachingPlatform.Api.csproj", "{9C1C9F64-6306-42A9-BDF8-85A8CFFCF56A}"
EndProject
Project("{FAE04EC0-301F-11D3-BF4B-00C04F79EFBC}") = "TeachingPlatform.IntegrationTests", "TeachingPlatform.IntegrationTests\TeachingPlatform.IntegrationTests.csproj", "{3829E586-0090-4A6B-8CD6-AFE3A0EFD4B9}"
EndProject
Project("{FAE04EC0-301F-11D3-BF4B-00C04F79EFBC}") = "TeachingPlatform.E2ETests", "TeachingPlatform.E2ETests\TeachingPlatform.E2ETests.csproj", "{BA98AF52-25AE-413B-AF53-A9B93404368E}"
EndProject
Global
	GlobalSection(SolutionConfigurationPlatforms) = preSolution
		Debug|Any CPU = Debug|Any CPU
		Release|Any CPU = Release|Any CPU
	EndGlobalSection
	GlobalSection(ProjectConfigurationPlatforms) = postSolution
		{CC22750F-C4DD-433B-A264-C14A4F7CE035}.Debug|Any CPU.ActiveCfg = Debug|Any CPU
		{CC22750F-C4DD-433B-A264-C14A4F7CE035}.Debug|Any CPU.Build.0 = Debug|Any CPU
		{CC22750F-C4DD-433B-A264-C14A4F7CE035}.Release|Any CPU.ActiveCfg = Release|Any CPU
		{CC22750F-C4DD-433B-A264-C14A4F7CE035}.Release|Any CPU.Build.0 = Release|Any CPU
		{F728155E-DAC4-44C1-A05E-803C71C0E3E9}.Debug|Any CPU.ActiveCfg = Debug|Any CPU
		{F728155E-DAC4-44C1-A05E-803C71C0E3E9}.Debug|Any CPU.Build.0 = Debug|Any CPU
		{F728155E-DAC4-44C1-A05E-803C71C0E3E9}.Release|Any CPU.ActiveCfg = Release|Any CPU
		{F728155E-DAC4-44C1-A05E-803C71C0E3E9}.Release|Any CPU.Build.0 = Release|Any CPU
		{7696E00C-B110-48D1-BDF1-BDE3D6DFE506}.Debug|Any CPU.ActiveCfg = Debug|Any CPU
		{7696E00C-B110-48D1-BDF1-BDE3D6DFE506}.Debug|Any CPU.Build.0 = Debug|Any CPU
		{7696E00C-B110-48D1-BDF1-BDE3D6DFE506}.Release|Any CPU.ActiveCfg = Release|Any CPU
		{7696E00C-B110-48D1-BDF1-BDE3D6DFE506}.Release|Any CPU.Build.0 = Release|Any CPU
		{C119189F-98BB-461F-8154-7694998A0FF6}.Debug|Any CPU.ActiveCfg = Debug|Any CPU
		{C119189F-98BB-461F-8154-7694998A0FF6}.Debug|Any CPU.Build.0 = Debug|Any CPU
		{C119189F-98BB-461F-8154-7694998A0FF6}.Release|Any CPU.ActiveCfg = Release|Any CPU
		{C119189F-98BB-461F-8154-7694998A0FF6}.Release|Any CPU.Build.0 = Release|Any CPU
		{9C1C9F64-6306-42A9-BDF8-85A8CFFCF56A}.Debug|Any CPU.ActiveCfg = Debug|Any CPU
		{9C1C9F64-6306-42A9-BDF8-85A8CFFCF56A}.Debug|Any CPU.Build.0 = Debug|Any CPU
		{9C1C9F64-6306-42A9-BDF8-85A8CFFCF56A}.Release|Any CPU.ActiveCfg = Release|Any CPU
		{9C1C9F64-6306-42A9-BDF8-85A8CFFCF56A}.Release|Any CPU.Build.0 = Release|Any CPU
		{3829E586-0090-4A6B-8CD6-AFE3A0EFD4B9}.Debug|Any CPU.ActiveCfg = Debug|Any CPU
		{3829E586-0090-4A6B-8CD6-AFE3A0EFD4B9}.Debug|Any CPU.Build.0 = Debug|Any CPU
		{3829E586-0090-4A6B-8CD6-AFE3A0EFD4B9}.Release|Any CPU.ActiveCfg = Release|Any CPU
		{3829E586-0090-4A6B-8CD6-AFE3A0EFD4B9}.Release|Any CPU.Build.0 = Release|Any CPU
		{BA98AF52-25AE-413B-AF53-A9B93404368E}.Debug|Any CPU.ActiveCfg = Debug|Any CPU
		{BA98AF52-25AE-413B-AF53-A9B93404368E}.Debug|Any CPU.Build.0 = Debug|Any CPU
		{BA98AF52-25AE-413B-AF53-A9B93404368E}.Release|Any CPU.ActiveCfg = Release|Any CPU
		{BA98AF52-25AE-413B-AF53-A9B93404368E}.Release|Any CPU.Build.0 = Release|Any CPU
	EndGlobalSection
	GlobalSection(SolutionProperties) = preSolution
		HideSolutionNode = FALSE
	EndGlobalSection
	GlobalSection(NestedProjects) = preSolution
		{CC22750F-C4DD-433B-A264-C14A4F7CE035} = {46069326-D8AD-4990-A828-CE0FE54C59EA}
		{F728155E-DAC4-44C1-A05E-803C71C0E3E9} = {86A0A4F1-0580-4936-B61D-36A32829C462}
		{7696E00C-B110-48D1-BDF1-BDE3D6DFE506} = {C79AA7F9-434F-4A0A-B3AC-BC7ABC12B1A5}
		{C119189F-98BB-461F-8154-7694998A0FF6} = {49A459F7-BC04-4480-B31F-A21D5D5BD9A2}
		{46069326-D8AD-4990-A828-CE0FE54C59EA} = {25DB1A02-9CF8-4FF5-85A6-9F51D2C1D2C9}
		{86A0A4F1-0580-4936-B61D-36A32829C462} = {25DB1A02-9CF8-4FF5-85A6-9F51D2C1D2C9}
		{49A459F7-BC04-4480-B31F-A21D5D5BD9A2} = {25DB1A02-9CF8-4FF5-85A6-9F51D2C1D2C9}
		{44F4756C-F576-4806-9DE9-1BA7F640F8A0} = {25DB1A02-9CF8-4FF5-85A6-9F51D2C1D2C9}
		{9C1C9F64-6306-42A9-BDF8-85A8CFFCF56A} = {44F4756C-F576-4806-9DE9-1BA7F640F8A0}
		{3829E586-0090-4A6B-8CD6-AFE3A0EFD4B9} = {C79AA7F9-434F-4A0A-B3AC-BC7ABC12B1A5}
		{BA98AF52-25AE-413B-AF53-A9B93404368E} = {C79AA7F9-434F-4A0A-B3AC-BC7ABC12B1A5}
	EndGlobalSection
	GlobalSection(ExtensibilityGlobals) = postSolution
		SolutionGuid = {38EADD79-B7F3-4F8B-82E6-42EF0626ABC3}
	EndGlobalSection
EndGlobal
